
Microsoft Visual Studio Solution File, Format Version 12.00
# Visual Studio Version 17
VisualStudioVersion = 17.0.32014.148
MinimumVisualStudioVersion = 10.0.40219.1
Project("{9A19103F-16F7-4668-BE54-9A1E7A4F7556}") = "DeepDiveOOP_Part1", "DeepDiveOOP_Part1\DeepDiveOOP_Part1.csproj", "{A07E0527-2DA5-46C3-AAC1-6C19EAFF97DC}"
EndProject
Global
	GlobalSection(SolutionConfigurationPlatforms) = preSolution
		Debug|Any CPU = Debug|Any CPU
		Release|Any CPU = Release|Any CPU
	EndGlobalSection
	GlobalSection(ProjectConfigurationPlatforms) = postSolution
		{A07E0527-2DA5-46C3-AAC1-6C19EAFF97DC}.Debug|Any CPU.ActiveCfg = Debug|Any CPU
		{A07E0527-2DA5-46C3-AAC1-6C19EAFF97DC}.Debug|Any CPU.Build.0 = Debug|Any CPU
		{A07E0527-2DA5-46C3-AAC1-6C19EAFF97DC}.Release|Any CPU.ActiveCfg = Release|Any CPU
		{A07E0527-2DA5-46C3-AAC1-6C19EAFF97DC}.Release|Any CPU.Build.0 = Release|Any CPU
	EndGlobalSection
	GlobalSection(SolutionProperties) = preSolution
		HideSolutionNode = FALSE
	EndGlobalSection
	GlobalSection(ExtensibilityGlobals) = postSolution
		SolutionGuid = {7073CC89-65C0-45E3-B1FB-CCE5D11A8524}
	EndGlobalSection
EndGlobal
